Microsoft Visual Studio Solution File, Format Version 11.00
# Visual Studio 2008

Project("{5D6F02F3-9616-8BA3-80B4-8EAB520391C4}") = "Emmerse", "Assembly-CSharp-firstpass.csproj", "{2A24E7A7-12EE-FEDA-8351-40496A700747}"
EndProject
Project("{5D6F02F3-9616-8BA3-80B4-8EAB520391C4}") = "Emmerse", "Assembly-CSharp.csproj", "{BA7A7484-7632-9E93-1D96-88F01758E761}"
EndProject
Project("{5D6F02F3-9616-8BA3-80B4-8EAB520391C4}") = "Emmerse", "Assembly-CSharp-Editor.csproj", "{F68A2983-7B2D-5327-6BB5-BD6A6C302FD7}"
EndProject
Project("{5D6F02F3-9616-8BA3-80B4-8EAB520391C4}") = "Emmerse", "Assembly-UnityScript-firstpass.unityproj", "{35FFEE8F-D878-46F5-4E10-CB8A7CDB4854}"
EndProject
Global
	GlobalSection(SolutionConfigurationPlatforms) = preSolution
		Debug|Any CPU = Debug|Any CPU
		Release|Any CPU = Release|Any CPU
	EndGlobalSection
	GlobalSection(ProjectConfigurationPlatforms) = postSolution
		{2A24E7A7-12EE-FEDA-8351-40496A700747}.Debug|Any CPU.ActiveCfg = Debug|Any CPU
		{2A24E7A7-12EE-FEDA-8351-40496A700747}.Debug|Any CPU.Build.0 = Debug|Any CPU
		{2A24E7A7-12EE-FEDA-8351-40496A700747}.Release|Any CPU.ActiveCfg = Release|Any CPU
		{2A24E7A7-12EE-FEDA-8351-40496A700747}.Release|Any CPU.Build.0 = Release|Any CPU
		{BA7A7484-7632-9E93-1D96-88F01758E761}.Debug|Any CPU.ActiveCfg = Debug|Any CPU
		{BA7A7484-7632-9E93-1D96-88F01758E761}.Debug|Any CPU.Build.0 = Debug|Any CPU
		{BA7A7484-7632-9E93-1D96-88F01758E761}.Release|Any CPU.ActiveCfg = Release|Any CPU
		{BA7A7484-7632-9E93-1D96-88F01758E761}.Release|Any CPU.Build.0 = Release|Any CPU
		{F68A2983-7B2D-5327-6BB5-BD6A6C302FD7}.Debug|Any CPU.ActiveCfg = Debug|Any CPU
		{F68A2983-7B2D-5327-6BB5-BD6A6C302FD7}.Debug|Any CPU.Build.0 = Debug|Any CPU
		{F68A2983-7B2D-5327-6BB5-BD6A6C302FD7}.Release|Any CPU.ActiveCfg = Release|Any CPU
		{F68A2983-7B2D-5327-6BB5-BD6A6C302FD7}.Release|Any CPU.Build.0 = Release|Any CPU
		{35FFEE8F-D878-46F5-4E10-CB8A7CDB4854}.Debug|Any CPU.ActiveCfg = Debug|Any CPU
		{35FFEE8F-D878-46F5-4E10-CB8A7CDB4854}.Debug|Any CPU.Build.0 = Debug|Any CPU
		{35FFEE8F-D878-46F5-4E10-CB8A7CDB4854}.Release|Any CPU.ActiveCfg = Release|Any CPU
		{35FFEE8F-D878-46F5-4E10-CB8A7CDB4854}.Release|Any CPU.Build.0 = Release|Any CPU
	EndGlobalSection
	GlobalSection(SolutionProperties) = preSolution
		HideSolutionNode = FALSE
	EndGlobalSection
																																			GlobalSection(MonoDevelopProperties) = preSolution
		StartupItem = Assembly-CSharp.csproj
		Policies = $0
		$0.TextStylePolicy = $1
		$1.inheritsSet = null
		$1.scope = text/x-csharp
		$0.CSharpFormattingPolicy = $2
		$2.inheritsSet = Mono
		$2.inheritsScope = text/x-csharp
		$2.scope = text/x-csharp
		$0.TextStylePolicy = $3
		$3.FileWidth = 120
		$3.TabWidth = 4
		$3.EolMarker = Unix
		$3.inheritsSet = Mono
		$3.inheritsScope = text/plain
		$3.scope = text/plain
	EndGlobalSection

EndGlobal
